
Microsoft Visual Studio Solution File, Format Version 12.00
# Visual Studio Version 17
VisualStudioVersion = 17.5.002.0
MinimumVisualStudioVersion = 10.0.40219.1
Project("{9A19103F-16F7-4668-BE54-9A1E7A4F7556}") = "chessProject", "chessProject.csproj", "{84090EA3-C978-41BA-B4A5-F1FC759B3DAF}"
EndProject
Global
	GlobalSection(SolutionConfigurationPlatforms) = preSolution
		Debug|Any CPU = Debug|Any CPU
		Release|Any CPU = Release|Any CPU
	EndGlobalSection
	GlobalSection(ProjectConfigurationPlatforms) = postSolution
		{84090EA3-C978-41BA-B4A5-F1FC759B3DAF}.Debug|Any CPU.ActiveCfg = Debug|Any CPU
		{84090EA3-C978-41BA-B4A5-F1FC759B3DAF}.Debug|Any CPU.Build.0 = Debug|Any CPU
		{84090EA3-C978-41BA-B4A5-F1FC759B3DAF}.Release|Any CPU.ActiveCfg = Release|Any CPU
		{84090EA3-C978-41BA-B4A5-F1FC759B3DAF}.Release|Any CPU.Build.0 = Release|Any CPU
	EndGlobalSection
	GlobalSection(SolutionProperties) = preSolution
		HideSolutionNode = FALSE
	EndGlobalSection
	GlobalSection(ExtensibilityGlobals) = postSolution
		SolutionGuid = {3BC41613-EE19-4F53-9FE4-5BB27B9A0D1E}
	EndGlobalSection
EndGlobal
